
Microsoft Visual Studio Solution File, Format Version 12.00
# Visual Studio Version 17
VisualStudioVersion = 17.13.35806.99 d17.13
MinimumVisualStudioVersion = 10.0.40219.1
Project("{FAE04EC0-301F-11D3-BF4B-00C04F79EFBC}") = "ParkManagerMobile", "ParkManagerMobile.csproj", "{C8A7443E-F1FE-49FE-B4CA-ED06BC710F13}"
EndProject
Global
	GlobalSection(SolutionConfigurationPlatforms) = preSolution
		Debug|Any CPU = Debug|Any CPU
		Release|Any CPU = Release|Any CPU
	EndGlobalSection
	GlobalSection(ProjectConfigurationPlatforms) = postSolution
		{C8A7443E-F1FE-49FE-B4CA-ED06BC710F13}.Debug|Any CPU.ActiveCfg = Debug|Any CPU
		{C8A7443E-F1FE-49FE-B4CA-ED06BC710F13}.Debug|Any CPU.Build.0 = Debug|Any CPU
		{C8A7443E-F1FE-49FE-B4CA-ED06BC710F13}.Debug|Any CPU.Deploy.0 = Debug|Any CPU
		{C8A7443E-F1FE-49FE-B4CA-ED06BC710F13}.Release|Any CPU.ActiveCfg = Release|Any CPU
		{C8A7443E-F1FE-49FE-B4CA-ED06BC710F13}.Release|Any CPU.Build.0 = Release|Any CPU
		{C8A7443E-F1FE-49FE-B4CA-ED06BC710F13}.Release|Any CPU.Deploy.0 = Release|Any CPU
	EndGlobalSection
	GlobalSection(SolutionProperties) = preSolution
		HideSolutionNode = FALSE
	EndGlobalSection
	GlobalSection(ExtensibilityGlobals) = postSolution
		SolutionGuid = {5104EDA0-E33A-4E40-9168-DF4275ED3EE4}
	EndGlobalSection
EndGlobal
